{
  "name": "as-token-bench",
  "lockfileVersion": 3,
  "requires": true,
  "packages": {
    "": {
      "name": "as-token-bench",
      "dependencies": {
        "@lenml/tokenizer-deepseek_v3": "3.7.2",
        "@lenml/tokenizer-qwen2_5": "3.7.2",
        "gpt-tokenizer": "4.0.0",
        "llama3-tokenizer-js": "1.2.0"
      }
    },
    "node_modules/@lenml/tokenizer-deepseek_v3": {
      "version": "3.7.2",
      "resolved": "https://registry.npmjs.org/@lenml/tokenizer-deepseek_v3/-/tokenizer-deepseek_v3-3.7.2.tgz",
      "integrity": "sha512-Bc7IzlrCh5i8DY8HTNx7eWgW5c+h2TACiG/mzFrB3B8h+7Seylo4Z/JMNrI48g+uMfVEdaiE0nykgBSCJARu7Q==",
      "license": "Apache-2.0",
      "dependencies": {
        "@lenml/tokenizers": "^3.7.2"
      }
    },
    "node_modules/@lenml/tokenizer-qwen2_5": {
      "version": "3.7.2",
      "resolved": "https://registry.npmjs.org/@lenml/tokenizer-qwen2_5/-/tokenizer-qwen2_5-3.7.2.tgz",
      "integrity": "sha512-6hbFsuKfOU7pncR3qQqvhOAcDboqWTZOTob9jv4sJZjXhc8X05r4pretlPeyC2UeLU/ayFDU6rl5dd/BDDUsFg==",
      "license": "Apache-2.0",
      "dependencies": {
        "@lenml/tokenizers": "^3.7.2"
      }
    },
    "node_modules/@lenml/tokenizers": {
      "version": "3.7.2",
      "resolved": "https://registry.npmjs.org/@lenml/tokenizers/-/tokenizers-3.7.2.tgz",
      "integrity": "sha512-tuap9T7Q80Czor8NHzxjlLNvxEX8MgFINzsBTV+lq1v7G+78YR3ZvBhmLsPHtgqExB4Q4kCJH6dhXOYWSLdHLw==",
      "license": "Apache-2.0"
    },
    "node_modules/gpt-tokenizer": {
      "version": "4.0.0",
      "resolved": "https://registry.npmjs.org/gpt-tokenizer/-/gpt-tokenizer-4.0.0.tgz",
      "integrity": "sha512-YAWIyzvuVUHEfW7tFfFAxH8qQb+Q3RU9nYOTy7skMNX5qzU6Q8jxTHZLyO56ug1vYvCR7wndzpd3jwD86/mhjQ==",
      "license": "MIT"
    },
    "node_modules/llama3-tokenizer-js": {
      "version": "1.2.0",
      "resolved": "https://registry.npmjs.org/llama3-tokenizer-js/-/llama3-tokenizer-js-1.2.0.tgz",
      "integrity": "sha512-oMgIgK958UlvoEm3Lz/gAj3QAKpnAMb6YqlY0aTYraSK/c+V3TF3P7IWFQJe4yjM60+2/KoK+EWziec6WQ57/g==",
      "license": "MIT"
    }
  }
}
